
Microsoft Visual Studio Solution File, Format Version 12.00
# Visual Studio Version 16
VisualStudioVersion = 16.0.30223.230
MinimumVisualStudioVersion = 10.0.40219.1
Project("{FAE04EC0-301F-11D3-BF4B-00C04F79EFBC}") = "Kizuna", "Kizuna.csproj", "{9DD5940D-6BF6-4B98-A8A8-6131AE6CFA6F}"
EndProject
Global
	GlobalSection(SolutionConfigurationPlatforms) = preSolution
		Debug|Any CPU = Debug|Any CPU
		Release|Any CPU = Release|Any CPU
	EndGlobalSection
	GlobalSection(ProjectConfigurationPlatforms) = postSolution
		{9DD5940D-6BF6-4B98-A8A8-6131AE6CFA6F}.Debug|Any CPU.ActiveCfg = Debug|Any CPU
		{9DD5940D-6BF6-4B98-A8A8-6131AE6CFA6F}.Debug|Any CPU.Build.0 = Debug|Any CPU
		{9DD5940D-6BF6-4B98-A8A8-6131AE6CFA6F}.Release|Any CPU.ActiveCfg = Release|Any CPU
		{9DD5940D-6BF6-4B98-A8A8-6131AE6CFA6F}.Release|Any CPU.Build.0 = Release|Any CPU
	EndGlobalSection
	GlobalSection(SolutionProperties) = preSolution
		HideSolutionNode = FALSE
	EndGlobalSection
	GlobalSection(ExtensibilityGlobals) = postSolution
		SolutionGuid = {33084613-B524-4A7B-B65A-794A1D47D8C9}
	EndGlobalSection
EndGlobal
